
Microsoft Visual Studio Solution File, Format Version 12.00
# Visual Studio Version 17
VisualStudioVersion = 17.12.35506.116 d17.12
MinimumVisualStudioVersion = 10.0.40219.1
Project("{FAE04EC0-301F-11D3-BF4B-00C04F79EFBC}") = "Wisedev.Laser.Server", "Wisedev.Laser.Server\Wisedev.Laser.Server.csproj", "{5C59B5CA-2B60-4F4B-8571-66B6F3C15993}"
EndProject
Project("{FAE04EC0-301F-11D3-BF4B-00C04F79EFBC}") = "Wisedev.Laser.Logic", "Wisedev.Laser.Logic\Wisedev.Laser.Logic.csproj", "{CDE2D1B9-C477-4160-A4D1-80167DC50F33}"
EndProject
Project("{FAE04EC0-301F-11D3-BF4B-00C04F79EFBC}") = "Wisedev.Laser.Titan", "Wisedev.Laser.Titan\Wisedev.Laser.Titan.csproj", "{EF4EEE7F-3319-47C6-BC5B-506FABDCFC62}"
EndProject
Global
	GlobalSection(SolutionConfigurationPlatforms) = preSolution
		Debug|Any CPU = Debug|Any CPU
		Release|Any CPU = Release|Any CPU
	EndGlobalSection
	GlobalSection(ProjectConfigurationPlatforms) = postSolution
		{5C59B5CA-2B60-4F4B-8571-66B6F3C15993}.Debug|Any CPU.ActiveCfg = Debug|Any CPU
		{5C59B5CA-2B60-4F4B-8571-66B6F3C15993}.Debug|Any CPU.Build.0 = Debug|Any CPU
		{5C59B5CA-2B60-4F4B-8571-66B6F3C15993}.Release|Any CPU.ActiveCfg = Release|Any CPU
		{5C59B5CA-2B60-4F4B-8571-66B6F3C15993}.Release|Any CPU.Build.0 = Release|Any CPU
		{CDE2D1B9-C477-4160-A4D1-80167DC50F33}.Debug|Any CPU.ActiveCfg = Debug|Any CPU
		{CDE2D1B9-C477-4160-A4D1-80167DC50F33}.Debug|Any CPU.Build.0 = Debug|Any CPU
		{CDE2D1B9-C477-4160-A4D1-80167DC50F33}.Release|Any CPU.ActiveCfg = Release|Any CPU
		{CDE2D1B9-C477-4160-A4D1-80167DC50F33}.Release|Any CPU.Build.0 = Release|Any CPU
		{EF4EEE7F-3319-47C6-BC5B-506FABDCFC62}.Debug|Any CPU.ActiveCfg = Debug|Any CPU
		{EF4EEE7F-3319-47C6-BC5B-506FABDCFC62}.Debug|Any CPU.Build.0 = Debug|Any CPU
		{EF4EEE7F-3319-47C6-BC5B-506FABDCFC62}.Release|Any CPU.ActiveCfg = Release|Any CPU
		{EF4EEE7F-3319-47C6-BC5B-506FABDCFC62}.Release|Any CPU.Build.0 = Release|Any CPU
	EndGlobalSection
	GlobalSection(SolutionProperties) = preSolution
		HideSolutionNode = FALSE
	EndGlobalSection
EndGlobal
